// !$*UTF8*$!
{
	archiveVersion = 1;
	classes = {
	};
	objectVersion = 50;
	objects = {

/* Begin PBXBuildFile section */
		F94717FC244CC21500AD8DBA /* AppDelegate.swift in Sources */ = {isa = PBXBuildFile; fileRef = F94717FB244CC21500AD8DBA /* AppDelegate.swift */; };
		F94717FE244CC21500AD8DBA /* SceneDelegate.swift in Sources */ = {isa = PBXBuildFile; fileRef = F94717FD244CC21500AD8DBA /* SceneDelegate.swift */; };
		F9471800244CC21500AD8DBA /* ViewController.swift in Sources */ = {isa = PBXBuildFile; fileRef = F94717FF244CC21500AD8DBA /* ViewController.swift */; };
		F9471803244CC21500AD8DBA /* Main.storyboard in Resources */ = {isa = PBXBuildFile; fileRef = F9471801244CC21500AD8DBA /* Main.storyboard */; };
		F9471805244CC21700AD8DBA /* Assets.xcassets in Resources */ = {isa = PBXBuildFile; fileRef = F9471804244CC21700AD8DBA /* Assets.xcassets */; };
		F9471808244CC21700AD8DBA /* LaunchScreen.storyboard in Resources */ = {isa = PBXBuildFile; fileRef = F9471806244CC21700AD8DBA /* LaunchScreen.storyboard */; };
		F9471813244CC21800AD8DBA /* UdderTests.swift in Sources */ = {isa = PBXBuildFile; fileRef = F9471812244CC21800AD8DBA /* UdderTests.swift */; };
		F947181E244CC21800AD8DBA /* UdderUITests.swift in Sources */ = {isa = PBXBuildFile; fileRef = F947181D244CC21800AD8DBA /* UdderUITests.swift */; };
/* End PBXBuildFile section */

/* Begin PBXContainerItemProxy section */
		F947180F244CC21800AD8DBA /* PBXContainerItemProxy */ = {
			isa = PBXContainerItemProxy;
			containerPortal = F94717F0244CC21500AD8DBA /* Project object */;
			proxyType = 1;
			remoteGlobalIDString = F94717F7244CC21500AD8DBA;
			remoteInfo = Udder;
		};
		F947181A244CC21800AD8DBA /* PBXContainerItemProxy */ = {
			isa = PBXContainerItemProxy;
			containerPortal = F94717F0244CC21500AD8DBA /* Project object */;
			proxyType = 1;
			remoteGlobalIDString = F94717F7244CC21500AD8DBA;
			remoteInfo = Udder;
		};
/* End PBXContainerItemProxy section */

/* Begin PBXFileReference section */
		F94717F8244CC21500AD8DBA /* Udder.app */ = {isa = PBXFileReference; explicitFileType = wrapper.application; includeInIndex = 0; path = Udder.app; sourceTree = BUILT_PRODUCTS_DIR; };
		F94717FB244CC21500AD8DBA /* AppDelegate.swift */ = {isa = PBXFileReference; lastKnownFileType = sourcecode.swift; path = AppDelegate.swift; sourceTree = "<group>"; };
		F94717FD244CC21500AD8DBA /* SceneDelegate.swift */ = {isa = PBXFileReference; lastKnownFileType = sourcecode.swift; path = SceneDelegate.swift; sourceTree = "<group>"; };
		F94717FF244CC21500AD8DBA /* ViewController.swift */ = {isa = PBXFileReference; lastKnownFileType = sourcecode.swift; path = ViewController.swift; sourceTree = "<group>"; };
		F9471802244CC21500AD8DBA /* Base */ = {isa = PBXFileReference; lastKnownFileType = file.storyboard; name = Base; path = Base.lproj/Main.storyboard; sourceTree = "<group>"; };
		F9471804244CC21700AD8DBA /* Assets.xcassets */ = {isa = PBXFileReference; lastKnownFileType = folder.assetcatalog; path = Assets.xcassets; sourceTree = "<group>"; };
		F9471807244CC21700AD8DBA /* Base */ = {isa = PBXFileReference; lastKnownFileType = file.storyboard; name = Base; path = Base.lproj/LaunchScreen.storyboard; sourceTree = "<group>"; };
		F9471809244CC21700AD8DBA /* Info.plist */ = {isa = PBXFileReference; lastKnownFileType = text.plist.xml; path = Info.plist; sourceTree = "<group>"; };
		F947180E244CC21800AD8DBA /* UdderTests.xctest */ = {isa = PBXFileReference; explicitFileType = wrapper.cfbundle; includeInIndex = 0; path = UdderTests.xctest; sourceTree = BUILT_PRODUCTS_DIR; };
		F9471812244CC21800AD8DBA /* UdderTests.swift */ = {isa = PBXFileReference; lastKnownFileType = sourcecode.swift; path = UdderTests.swift; sourceTree = "<group>"; };
		F9471814244CC21800AD8DBA /* Info.plist */ = {isa = PBXFileReference; lastKnownFileType = text.plist.xml; path = Info.plist; sourceTree = "<group>"; };
		F9471819244CC21800AD8DBA /* UdderUITests.xctest */ = {isa = PBXFileReference; explicitFileType = wrapper.cfbundle; includeInIndex = 0; path = UdderUITests.xctest; sourceTree = BUILT_PRODUCTS_DIR; };
		F947181D244CC21800AD8DBA /* UdderUITests.swift */ = {isa = PBXFileReference; lastKnownFileType = sourcecode.swift; path = UdderUITests.swift; sourceTree = "<group>"; };
		F947181F244CC21800AD8DBA /* Info.plist */ = {isa = PBXFileReference; lastKnownFileType = text.plist.xml; path = Info.plist; sourceTree = "<group>"; };
/* End PBXFileReference section */

/* Begin PBXFrameworksBuildPhase section */
		F94717F5244CC21500AD8DBA /* Frameworks */ = {
			isa = PBXFrameworksBuildPhase;
			buildActionMask = 2147483647;
			files = (
			);
			runOnlyForDeploymentPostprocessing = 0;
		};
		F947180B244CC21800AD8DBA /* Frameworks */ = {
			isa = PBXFrameworksBuildPhase;
			buildActionMask = 2147483647;
			files = (
			);
			runOnlyForDeploymentPostprocessing = 0;
		};
		F9471816244CC21800AD8DBA /* Frameworks */ = {
			isa = PBXFrameworksBuildPhase;
			buildActionMask = 2147483647;
			files = (
			);
			runOnlyForDeploymentPostprocessing = 0;
		};
/* End PBXFrameworksBuildPhase section */

/* Begin PBXGroup section */
		F94717EF244CC21500AD8DBA = {
			isa = PBXGroup;
			children = (
				F94717FA244CC21500AD8DBA /* Udder */,
				F9471811244CC21800AD8DBA /* UdderTests */,
				F947181C244CC21800AD8DBA /* UdderUITests */,
				F94717F9244CC21500AD8DBA /* Products */,
			);
			sourceTree = "<group>";
		};
		F94717F9244CC21500AD8DBA /* Products */ = {
			isa = PBXGroup;
			children = (
				F94717F8244CC21500AD8DBA /* Udder.app */,
				F947180E244CC21800AD8DBA /* UdderTests.xctest */,
				F9471819244CC21800AD8DBA /* UdderUITests.xctest */,
			);
			name = Products;
			sourceTree = "<group>";
		};
		F94717FA244CC21500AD8DBA /* Udder */ = {
			isa = PBXGroup;
			children = (
				F94717FB244CC21500AD8DBA /* AppDelegate.swift */,
				F94717FD244CC21500AD8DBA /* SceneDelegate.swift */,
				F94717FF244CC21500AD8DBA /* ViewController.swift */,
				F9471801244CC21500AD8DBA /* Main.storyboard */,
				F9471804244CC21700AD8DBA /* Assets.xcassets */,
				F9471806244CC21700AD8DBA /* LaunchScreen.storyboard */,
				F9471809244CC21700AD8DBA /* Info.plist */,
			);
			path = Udder;
			sourceTree = "<group>";
		};
		F9471811244CC21800AD8DBA /* UdderTests */ = {
			isa = PBXGroup;
			children = (
				F9471812244CC21800AD8DBA /* UdderTests.swift */,
				F9471814244CC21800AD8DBA /* Info.plist */,
			);
			path = UdderTests;
			sourceTree = "<group>";
		};
		F947181C244CC21800AD8DBA /* UdderUITests */ = {
			isa = PBXGroup;
			children = (
				F947181D244CC21800AD8DBA /* UdderUITests.swift */,
				F947181F244CC21800AD8DBA /* Info.plist */,
			);
			path = UdderUITests;
			sourceTree = "<group>";
		};
/* End PBXGroup section */

/* Begin PBXNativeTarget section */
		F94717F7244CC21500AD8DBA /* Udder */ = {
			isa = PBXNativeTarget;
			buildConfigurationList = F9471822244CC21800AD8DBA /* Build configuration list for PBXNativeTarget "Udder" */;
			buildPhases = (
				F94717F4244CC21500AD8DBA /* Sources */,
				F94717F5244CC21500AD8DBA /* Frameworks */,
				F94717F6244CC21500AD8DBA /* Resources */,
			);
			buildRules = (
			);
			dependencies = (
			);
			name = Udder;
			productName = Udder;
			productReference = F94717F8244CC21500AD8DBA /* Udder.app */;
			productType = "com.apple.product-type.application";
		};
		F947180D244CC21800AD8DBA /* UdderTests */ = {
			isa = PBXNativeTarget;
			buildConfigurationList = F9471825244CC21800AD8DBA /* Build configuration list for PBXNativeTarget "UdderTests" */;
			buildPhases = (
				F947180A244CC21800AD8DBA /* Sources */,
				F947180B244CC21800AD8DBA /* Frameworks */,
				F947180C244CC21800AD8DBA /* Resources */,
			);
			buildRules = (
			);
			dependencies = (
				F9471810244CC21800AD8DBA /* PBXTargetDependency */,
			);
			name = UdderTests;
			productName = UdderTests;
			productReference = F947180E244CC21800AD8DBA /* UdderTests.xctest */;
			productType = "com.apple.product-type.bundle.unit-test";
		};
		F9471818244CC21800AD8DBA /* UdderUITests */ = {
			isa = PBXNativeTarget;
			buildConfigurationList = F9471828244CC21800AD8DBA /* Build configuration list for PBXNativeTarget "UdderUITests" */;
			buildPhases = (
				F9471815244CC21800AD8DBA /* Sources */,
				F9471816244CC21800AD8DBA /* Frameworks */,
				F9471817244CC21800AD8DBA /* Resources */,
			);
			buildRules = (
			);
			dependencies = (
				F947181B244CC21800AD8DBA /* PBXTargetDependency */,
			);
			name = UdderUITests;
			productName = UdderUITests;
			productReference = F9471819244CC21800AD8DBA /* UdderUITests.xctest */;
			productType = "com.apple.product-type.bundle.ui-testing";
		};
/* End PBXNativeTarget section */

/* Begin PBXProject section */
		F94717F0244CC21500AD8DBA /* Project object */ = {
			isa = PBXProject;
			attributes = {
				LastSwiftUpdateCheck = 1120;
				LastUpgradeCheck = 1120;
				ORGANIZATIONNAME = "Narayan Sajeev";
				TargetAttributes = {
					F94717F7244CC21500AD8DBA = {
						CreatedOnToolsVersion = 11.2.1;
					};
					F947180D244CC21800AD8DBA = {
						CreatedOnToolsVersion = 11.2.1;
						TestTargetID = F94717F7244CC21500AD8DBA;
					};
					F9471818244CC21800AD8DBA = {
						CreatedOnToolsVersion = 11.2.1;
						TestTargetID = F94717F7244CC21500AD8DBA;
					};
				};
			};
			buildConfigurationList = F94717F3244CC21500AD8DBA /* Build configuration list for PBXProject "Udder" */;
			compatibilityVersion = "Xcode 9.3";
			developmentRegion = en;
			hasScannedForEncodings = 0;
			knownRegions = (
				en,
				Base,
			);
			mainGroup = F94717EF244CC21500AD8DBA;
			productRefGroup = F94717F9244CC21500AD8DBA /* Products */;
			projectDirPath = "";
			projectRoot = "";
			targets = (
				F94717F7244CC21500AD8DBA /* Udder */,
				F947180D244CC21800AD8DBA /* UdderTests */,
				F9471818244CC21800AD8DBA /* UdderUITests */,
			);
		};
/* End PBXProject section */

/* Begin PBXResourcesBuildPhase section */
		F94717F6244CC21500AD8DBA /* Resources */ = {
			isa = PBXResourcesBuildPhase;
			buildActionMask = 2147483647;
			files = (
				F9471808244CC21700AD8DBA /* LaunchScreen.storyboard in Resources */,
				F9471805244CC21700AD8DBA /* Assets.xcassets in Resources */,
				F9471803244CC21500AD8DBA /* Main.storyboard in Resources */,
			);
			runOnlyForDeploymentPostprocessing = 0;
		};
		F947180C244CC21800AD8DBA /* Resources */ = {
			isa = PBXResourcesBuildPhase;
			buildActionMask = 2147483647;
			files = (
			);
			runOnlyForDeploymentPostprocessing = 0;
		};
		F9471817244CC21800AD8DBA /* Resources */ = {
			isa = PBXResourcesBuildPhase;
			buildActionMask = 2147483647;
			files = (
			);
			runOnlyForDeploymentPostprocessing = 0;
		};
/* End PBXResourcesBuildPhase section */

/* Begin PBXSourcesBuildPhase section */
		F94717F4244CC21500AD8DBA /* Sources */ = {
			isa = PBXSourcesBuildPhase;
			buildActionMask = 2147483647;
			files = (
				F9471800244CC21500AD8DBA /* ViewController.swift in Sources */,
				F94717FC244CC21500AD8DBA /* AppDelegate.swift in Sources */,
				F94717FE244CC21500AD8DBA /* SceneDelegate.swift in Sources */,
			);
			runOnlyForDeploymentPostprocessing = 0;
		};
		F947180A244CC21800AD8DBA /* Sources */ = {
			isa = PBXSourcesBuildPhase;
			buildActionMask = 2147483647;
			files = (
				F9471813244CC21800AD8DBA /* UdderTests.swift in Sources */,
			);
			runOnlyForDeploymentPostprocessing = 0;
		};
		F9471815244CC21800AD8DBA /* Sources */ = {
			isa = PBXSourcesBuildPhase;
			buildActionMask = 2147483647;
			files = (
				F947181E244CC21800AD8DBA /* UdderUITests.swift in Sources */,
			);
			runOnlyForDeploymentPostprocessing = 0;
		};
/* End PBXSourcesBuildPhase section */

/* Begin PBXTargetDependency section */
		F9471810244CC21800AD8DBA /* PBXTargetDependency */ = {
			isa = PBXTargetDependency;
			target = F94717F7244CC21500AD8DBA /* Udder */;
			targetProxy = F947180F244CC21800AD8DBA /* PBXContainerItemProxy */;
		};
		F947181B244CC21800AD8DBA /* PBXTargetDependency */ = {
			isa = PBXTargetDependency;
			target = F94717F7244CC21500AD8DBA /* Udder */;
			targetProxy = F947181A244CC21800AD8DBA /* PBXContainerItemProxy */;
		};
/* End PBXTargetDependency section */

/* Begin PBXVariantGroup section */
		F9471801244CC21500AD8DBA /* Main.storyboard */ = {
			isa = PBXVariantGroup;
			children = (
				F9471802244CC21500AD8DBA /* Base */,
			);
			name = Main.storyboard;
			sourceTree = "<group>";
		};
		F9471806244CC21700AD8DBA /* LaunchScreen.storyboard */ = {
			isa = PBXVariantGroup;
			children = (
				F9471807244CC21700AD8DBA /* Base */,
			);
			name = LaunchScreen.storyboard;
			sourceTree = "<group>";
		};
/* End PBXVariantGroup section */

/* Begin XCBuildConfiguration section */
		F9471820244CC21800AD8DBA /* Debug */ = {
			isa = XCBuildConfiguration;
			buildSettings = {
				ALWAYS_SEARCH_USER_PATHS = NO;
				CLANG_ANALYZER_NONNULL = YES;
				CLANG_ANALYZER_NUMBER_OBJECT_CONVERSION = YES_AGGRESSIVE;
				CLANG_CXX_LANGUAGE_STANDARD = "gnu++14";
				CLANG_CXX_LIBRARY = "libc++";
				CLANG_ENABLE_MODULES = YES;
				CLANG_ENABLE_OBJC_ARC = YES;
				CLANG_ENABLE_OBJC_WEAK = YES;
				CLANG_WARN_BLOCK_CAPTURE_AUTORELEASING = YES;
				CLANG_WARN_BOOL_CONVERSION = YES;
				CLANG_WARN_COMMA = YES;
				CLANG_WARN_CONSTANT_CONVERSION = YES;
				CLANG_WARN_DEPRECATED_OBJC_IMPLEMENTATIONS = YES;
				CLANG_WARN_DIRECT_OBJC_ISA_USAGE = YES_ERROR;
				CLANG_WARN_DOCUMENTATION_COMMENTS = YES;
				CLANG_WARN_EMPTY_BODY = YES;
				CLANG_WARN_ENUM_CONVERSION = YES;
				CLANG_WARN_INFINITE_RECURSION = YES;
				CLANG_WARN_INT_CONVERSION = YES;
				CLANG_WARN_NON_LITERAL_NULL_CONVERSION = YES;
				CLANG_WARN_OBJC_IMPLICIT_RETAIN_SELF = YES;
				CLANG_WARN_OBJC_LITERAL_CONVERSION = YES;
				CLANG_WARN_OBJC_ROOT_CLASS = YES_ERROR;
				CLANG_WARN_RANGE_LOOP_ANALYSIS = YES;
				CLANG_WARN_STRICT_PROTOTYPES = YES;
				CLANG_WARN_SUSPICIOUS_MOVE = YES;
				CLANG_WARN_UNGUARDED_AVAILABILITY = YES_AGGRESSIVE;
				CLANG_WARN_UNREACHABLE_CODE = YES;
				CLANG_WARN__DUPLICATE_METHOD_MATCH = YES;
				COPY_PHASE_STRIP = NO;
				DEBUG_INFORMATION_FORMAT = dwarf;
				ENABLE_STRICT_OBJC_MSGSEND = YES;
				ENABLE_TESTABILITY = YES;
				GCC_C_LANGUAGE_STANDARD = gnu11;
				GCC_DYNAMIC_NO_PIC = NO;
				GCC_NO_COMMON_BLOCKS = YES;
				GCC_OPTIMIZATION_LEVEL = 0;
				GCC_PREPROCESSOR_DEFINITIONS = (
					"DEBUG=1",
					"$(inherited)",
				);
				GCC_WARN_64_TO_32_BIT_CONVERSION = YES;
				GCC_WARN_ABOUT_RETURN_TYPE = YES_ERROR;
				GCC_WARN_UNDECLARED_SELECTOR = YES;
				GCC_WARN_UNINITIALIZED_AUTOS = YES_AGGRESSIVE;
				GCC_WARN_UNUSED_FUNCTION = YES;
				GCC_WARN_UNUSED_VARIABLE = YES;
				IPHONEOS_DEPLOYMENT_TARGET = 13.2;
				MTL_ENABLE_DEBUG_INFO = INCLUDE_SOURCE;
				MTL_FAST_MATH = YES;
				ONLY_ACTIVE_ARCH = YES;
				SDKROOT = iphoneos;
				SWIFT_ACTIVE_COMPILATION_CONDITIONS = DEBUG;
				SWIFT_OPTIMIZATION_LEVEL = "-Onone";
			};
			name = Debug;
		};
		F9471821244CC21800AD8DBA /* Release */ = {
			isa = XCBuildConfiguration;
			buildSettings = {
				ALWAYS_SEARCH_USER_PATHS = NO;
				CLANG_ANALYZER_NONNULL = YES;
				CLANG_ANALYZER_NUMBER_OBJECT_CONVERSION = YES_AGGRESSIVE;
				CLANG_CXX_LANGUAGE_STANDARD = "gnu++14";
				CLANG_CXX_LIBRARY = "libc++";
				CLANG_ENABLE_MODULES = YES;
				CLANG_ENABLE_OBJC_ARC = YES;
				CLANG_ENABLE_OBJC_WEAK = YES;
				CLANG_WARN_BLOCK_CAPTURE_AUTORELEASING = YES;
				CLANG_WARN_BOOL_CONVERSION = YES;
				CLANG_WARN_COMMA = YES;
				CLANG_WARN_CONSTANT_CONVERSION = YES;
				CLANG_WARN_DEPRECATED_OBJC_IMPLEMENTATIONS = YES;
				CLANG_WARN_DIRECT_OBJC_ISA_USAGE = YES_ERROR;
				CLANG_WARN_DOCUMENTATION_COMMENTS = YES;
				CLANG_WARN_EMPTY_BODY = YES;
				CLANG_WARN_ENUM_CONVERSION = YES;
				CLANG_WARN_INFINITE_RECURSION = YES;
				CLANG_WARN_INT_CONVERSION = YES;
				CLANG_WARN_NON_LITERAL_NULL_CONVERSION = YES;
				CLANG_WARN_OBJC_IMPLICIT_RETAIN_SELF = YES;
				CLANG_WARN_OBJC_LITERAL_CONVERSION = YES;
				CLANG_WARN_OBJC_ROOT_CLASS = YES_ERROR;
				CLANG_WARN_RANGE_LOOP_ANALYSIS = YES;
				CLANG_WARN_STRICT_PROTOTYPES = YES;
				CLANG_WARN_SUSPICIOUS_MOVE = YES;
				CLANG_WARN_UNGUARDED_AVAILABILITY = YES_AGGRESSIVE;
				CLANG_WARN_UNREACHABLE_CODE = YES;
				CLANG_WARN__DUPLICATE_METHOD_MATCH = YES;
				COPY_PHASE_STRIP = NO;
				DEBUG_INFORMATION_FORMAT = "dwarf-with-dsym";
				ENABLE_NS_ASSERTIONS = NO;
				ENABLE_STRICT_OBJC_MSGSEND = YES;
				GCC_C_LANGUAGE_STANDARD = gnu11;
				GCC_NO_COMMON_BLOCKS = YES;
				GCC_WARN_64_TO_32_BIT_CONVERSION = YES;
				GCC_WARN_ABOUT_RETURN_TYPE = YES_ERROR;
				GCC_WARN_UNDECLARED_SELECTOR = YES;
				GCC_WARN_UNINITIALIZED_AUTOS = YES_AGGRESSIVE;
				GCC_WARN_UNUSED_FUNCTION = YES;
				GCC_WARN_UNUSED_VARIABLE = YES;
				IPHONEOS_DEPLOYMENT_TARGET = 13.2;
				MTL_ENABLE_DEBUG_INFO = NO;
				MTL_FAST_MATH = YES;
				SDKROOT = iphoneos;
				SWIFT_COMPILATION_MODE = wholemodule;
				SWIFT_OPTIMIZATION_LEVEL = "-O";
				VALIDATE_PRODUCT = YES;
			};
			name = Release;
		};
		F9471823244CC21800AD8DBA /* Debug */ = {
			isa = XCBuildConfiguration;
			buildSettings = {
				ASSETCATALOG_COMPILER_APPICON_NAME = AppIcon;
				CODE_SIGN_STYLE = Automatic;
				INFOPLIST_FILE = Udder/Info.plist;
				LD_RUNPATH_SEARCH_PATHS = (
					"$(inherited)",
					"@executable_path/Frameworks",
				);
				PRODUCT_BUNDLE_IDENTIFIER = narayansajeev.Udder;
				PRODUCT_NAME = "$(TARGET_NAME)";
				SWIFT_VERSION = 5.0;
				TARGETED_DEVICE_FAMILY = "1,2";
			};
			name = Debug;
		};
		F9471824244CC21800AD8DBA /* Release */ = {
			isa = XCBuildConfiguration;
			buildSettings = {
				ASSETCATALOG_COMPILER_APPICON_NAME = AppIcon;
				CODE_SIGN_STYLE = Automatic;
				INFOPLIST_FILE = Udder/Info.plist;
				LD_RUNPATH_SEARCH_PATHS = (
					"$(inherited)",
					"@executable_path/Frameworks",
				);
				PRODUCT_BUNDLE_IDENTIFIER = narayansajeev.Udder;
				PRODUCT_NAME = "$(TARGET_NAME)";
				SWIFT_VERSION = 5.0;
				TARGETED_DEVICE_FAMILY = "1,2";
			};
			name = Release;
		};
		F9471826244CC21800AD8DBA /* Debug */ = {
			isa = XCBuildConfiguration;
			buildSettings = {
				ALWAYS_EMBED_SWIFT_STANDARD_LIBRARIES = YES;
				BUNDLE_LOADER = "$(TEST_HOST)";
				CODE_SIGN_STYLE = Automatic;
				INFOPLIST_FILE = UdderTests/Info.plist;
				IPHONEOS_DEPLOYMENT_TARGET = 13.2;
				LD_RUNPATH_SEARCH_PATHS = (
					"$(inherited)",
					"@executable_path/Frameworks",
					"@loader_path/Frameworks",
				);
				PRODUCT_BUNDLE_IDENTIFIER = narayansajeev.UdderTests;
				PRODUCT_NAME = "$(TARGET_NAME)";
				SWIFT_VERSION = 5.0;
				TARGETED_DEVICE_FAMILY = "1,2";
				TEST_HOST = "$(BUILT_PRODUCTS_DIR)/Udder.app/Udder";
			};
			name = Debug;
		};
		F9471827244CC21800AD8DBA /* Release */ = {
			isa = XCBuildConfiguration;
			buildSettings = {
				ALWAYS_EMBED_SWIFT_STANDARD_LIBRARIES = YES;
				BUNDLE_LOADER = "$(TEST_HOST)";
				CODE_SIGN_STYLE = Automatic;
				INFOPLIST_FILE = UdderTests/Info.plist;
				IPHONEOS_DEPLOYMENT_TARGET = 13.2;
				LD_RUNPATH_SEARCH_PATHS = (
					"$(inherited)",
					"@executable_path/Frameworks",
					"@loader_path/Frameworks",
				);
				PRODUCT_BUNDLE_IDENTIFIER = narayansajeev.UdderTests;
				PRODUCT_NAME = "$(TARGET_NAME)";
				SWIFT_VERSION = 5.0;
				TARGETED_DEVICE_FAMILY = "1,2";
				TEST_HOST = "$(BUILT_PRODUCTS_DIR)/Udder.app/Udder";
			};
			name = Release;
		};
		F9471829244CC21800AD8DBA /* Debug */ = {
			isa = XCBuildConfiguration;
			buildSettings = {
				ALWAYS_EMBED_SWIFT_STANDARD_LIBRARIES = YES;
				CODE_SIGN_STYLE = Automatic;
				INFOPLIST_FILE = UdderUITests/Info.plist;
				LD_RUNPATH_SEARCH_PATHS = (
					"$(inherited)",
					"@executable_path/Frameworks",
					"@loader_path/Frameworks",
				);
				PRODUCT_BUNDLE_IDENTIFIER = narayansajeev.UdderUITests;
				PRODUCT_NAME = "$(TARGET_NAME)";
				SWIFT_VERSION = 5.0;
				TARGETED_DEVICE_FAMILY = "1,2";
				TEST_TARGET_NAME = Udder;
			};
			name = Debug;
		};
		F947182A244CC21800AD8DBA /* Release */ = {
			isa = XCBuildConfiguration;
			buildSettings = {
				ALWAYS_EMBED_SWIFT_STANDARD_LIBRARIES = YES;
				CODE_SIGN_STYLE = Automatic;
				INFOPLIST_FILE = UdderUITests/Info.plist;
				LD_RUNPATH_SEARCH_PATHS = (
					"$(inherited)",
					"@executable_path/Frameworks",
					"@loader_path/Frameworks",
				);
				PRODUCT_BUNDLE_IDENTIFIER = narayansajeev.UdderUITests;
				PRODUCT_NAME = "$(TARGET_NAME)";
				SWIFT_VERSION = 5.0;
				TARGETED_DEVICE_FAMILY = "1,2";
				TEST_TARGET_NAME = Udder;
			};
			name = Release;
		};
/* End XCBuildConfiguration section */

/* Begin XCConfigurationList section */
		F94717F3244CC21500AD8DBA /* Build configuration list for PBXProject "Udder" */ = {
			isa = XCConfigurationList;
			buildConfigurations = (
				F9471820244CC21800AD8DBA /* Debug */,
				F9471821244CC21800AD8DBA /* Release */,
			);
			defaultConfigurationIsVisible = 0;
			defaultConfigurationName = Release;
		};
		F9471822244CC21800AD8DBA /* Build configuration list for PBXNativeTarget "Udder" */ = {
			isa = XCConfigurationList;
			buildConfigurations = (
				F9471823244CC21800AD8DBA /* Debug */,
				F9471824244CC21800AD8DBA /* Release */,
			);
			defaultConfigurationIsVisible = 0;
			defaultConfigurationName = Release;
		};
		F9471825244CC21800AD8DBA /* Build configuration list for PBXNativeTarget "UdderTests" */ = {
			isa = XCConfigurationList;
			buildConfigurations = (
				F9471826244CC21800AD8DBA /* Debug */,
				F9471827244CC21800AD8DBA /* Release */,
			);
			defaultConfigurationIsVisible = 0;
			defaultConfigurationName = Release;
		};
		F9471828244CC21800AD8DBA /* Build configuration list for PBXNativeTarget "UdderUITests" */ = {
			isa = XCConfigurationList;
			buildConfigurations = (
				F9471829244CC21800AD8DBA /* Debug */,
				F947182A244CC21800AD8DBA /* Release */,
			);
			defaultConfigurationIsVisible = 0;
			defaultConfigurationName = Release;
		};
/* End XCConfigurationList section */
	};
	rootObject = F94717F0244CC21500AD8DBA /* Project object */;
}
